
Microsoft Visual Studio Solution File, Format Version 12.00
# Visual Studio 14
VisualStudioVersion = 14.0.25420.1
MinimumVisualStudioVersion = 10.0.40219.1
Project("{FAE04EC0-301F-11D3-BF4B-00C04F79EFBC}") = "SummonersWarWeb", "SummonersWarWeb\SummonersWarWeb.csproj", "{0E47BFAC-1D68-4745-B9B5-4BB9C8D2DE44}"
EndProject
Global
	GlobalSection(SolutionConfigurationPlatforms) = preSolution
		Debug|Any CPU = Debug|Any CPU
		Release|Any CPU = Release|Any CPU
	EndGlobalSection
	GlobalSection(ProjectConfigurationPlatforms) = postSolution
		{0E47BFAC-1D68-4745-B9B5-4BB9C8D2DE44}.Debug|Any CPU.ActiveCfg = Debug|Any CPU
		{0E47BFAC-1D68-4745-B9B5-4BB9C8D2DE44}.Debug|Any CPU.Build.0 = Debug|Any CPU
		{0E47BFAC-1D68-4745-B9B5-4BB9C8D2DE44}.Release|Any CPU.ActiveCfg = Release|Any CPU
		{0E47BFAC-1D68-4745-B9B5-4BB9C8D2DE44}.Release|Any CPU.Build.0 = Release|Any CPU
	EndGlobalSection
	GlobalSection(SolutionProperties) = preSolution
		HideSolutionNode = FALSE
	EndGlobalSection
EndGlobal
